{
    "_readme": [
        "This file locks the dependencies of your project to a known state",
        "Read more about it at https://getcomposer.org/doc/01-basic-usage.md#composer-lock-the-lock-file",
        "This file is @generated automatically"
    ],
    "content-hash": "adb32468da7c4c15e52830a7f5528d38",
    "packages": [
        {
            "name": "limboniatech/limbonia-app-base",
            "version": "1.0.2",
            "source": {
                "type": "git",
                "url": "https://github.com/limboniatech/limbonia-app-base.git",
                "reference": "93840081b1e549fe0e4d70995029b213db8db575"
            },
            "dist": {
                "type": "zip",
                "url": "https://api.github.com/repos/limboniatech/limbonia-app-base/zipball/93840081b1e549fe0e4d70995029b213db8db575",
                "reference": "93840081b1e549fe0e4d70995029b213db8db575",
                "shasum": ""
            },
            "require": {
                "limboniatech/limbonia-base": "^1.0",
                "limboniatech/limbonia-database": "^1.0",
                "limboniatech/limbonia-email": "^0.9.0",
                "limboniatech/limbonia-result": "^1.0",
                "limboniatech/limbonia-session-manager": "^1.0",
                "limboniatech/limbonia-tag": "^1.0",
                "php": "^7.2"
            },
            "type": "library",
            "autoload": {
                "psr-4": {
                    "Limbonia\\": "lib/"
                }
            },
            "notification-url": "https://packagist.org/downloads/",
            "license": [
                "BSD-3-Clause"
            ],
            "authors": [
                {
                    "name": "Lonnie Blansett",
                    "email": "lonnie@limbonia.com"
                }
            ],
            "description": "This is the Limbonia App Base Library",
            "time": "2019-10-29T14:26:49+00:00"
        },
        {
            "name": "limboniatech/limbonia-base",
            "version": "1.0.1",
            "source": {
                "type": "git",
                "url": "https://github.com/limboniatech/limbonia-base.git",
                "reference": "210432a24886b39ca350c4306d0a60c9dc1f488f"
            },
            "dist": {
                "type": "zip",
                "url": "https://api.github.com/repos/limboniatech/limbonia-base/zipball/210432a24886b39ca350c4306d0a60c9dc1f488f",
                "reference": "210432a24886b39ca350c4306d0a60c9dc1f488f",
                "shasum": ""
            },
            "require": {
                "php": "^7.2"
            },
            "type": "library",
            "autoload": {
                "psr-4": {
                    "Limbonia\\": "lib/"
                }
            },
            "notification-url": "https://packagist.org/downloads/",
            "license": [
                "BSD-3-Clause"
            ],
            "authors": [
                {
                    "name": "Lonnie Blansett",
                    "email": "lonnie@limbonia.tech"
                }
            ],
            "description": "This is the Limbonia Base Library",
            "time": "2019-10-25T20:59:51+00:00"
        },
        {
            "name": "limboniatech/limbonia-database",
            "version": "1.0.1",
            "source": {
                "type": "git",
                "url": "https://github.com/limboniatech/limbonia-database.git",
                "reference": "f505736b4256d9d32d8ef8527bf62f7067450cbf"
            },
            "dist": {
                "type": "zip",
                "url": "https://api.github.com/repos/limboniatech/limbonia-database/zipball/f505736b4256d9d32d8ef8527bf62f7067450cbf",
                "reference": "f505736b4256d9d32d8ef8527bf62f7067450cbf",
                "shasum": ""
            },
            "require": {
                "limboniatech/limbonia-base": "^1.0",
                "limboniatech/limbonia-result": "^1.0",
                "php": "^7.2"
            },
            "type": "library",
            "autoload": {
                "psr-4": {
                    "Limbonia\\": "lib/"
                }
            },
            "notification-url": "https://packagist.org/downloads/",
            "license": [
                "BSD-3-Clause"
            ],
            "authors": [
                {
                    "name": "Lonnie Blansett",
                    "email": "lonnie@limbonia.tech"
                }
            ],
            "description": "This is the Limbonia Database Library",
            "time": "2019-10-26T16:01:41+00:00"
        },
        {
            "name": "limboniatech/limbonia-email",
            "version": "0.9.0",
            "source": {
                "type": "git",
                "url": "https://github.com/limboniatech/limbonia-email.git",
                "reference": "0b3bc5e6422fc30a78cd4b628d111e96063a951f"
            },
            "dist": {
                "type": "zip",
                "url": "https://api.github.com/repos/limboniatech/limbonia-email/zipball/0b3bc5e6422fc30a78cd4b628d111e96063a951f",
                "reference": "0b3bc5e6422fc30a78cd4b628d111e96063a951f",
                "shasum": ""
            },
            "require": {
                "php": "^7.1"
            },
            "type": "library",
            "autoload": {
                "psr-4": {
                    "Limbonia\\Email\\": "lib/"
                }
            },
            "notification-url": "https://packagist.org/downloads/",
            "license": [
                "BSD-3-Clause"
            ],
            "authors": [
                {
                    "name": "Lonnie Blansett",
                    "email": "lonnie@limbonia.tech"
                }
            ],
            "description": "This is the Limbonia email usage library",
            "time": "2019-10-21T22:29:02+00:00"
        },
        {
            "name": "limboniatech/limbonia-result",
            "version": "1.0.2",
            "source": {
                "type": "git",
                "url": "https://github.com/limboniatech/limbonia-result.git",
                "reference": "dae197fea42e025d43914d6567d39d4463a6bf0d"
            },
            "dist": {
                "type": "zip",
                "url": "https://api.github.com/repos/limboniatech/limbonia-result/zipball/dae197fea42e025d43914d6567d39d4463a6bf0d",
                "reference": "dae197fea42e025d43914d6567d39d4463a6bf0d",
                "shasum": ""
            },
            "require": {
                "php": "^7.2"
            },
            "type": "library",
            "autoload": {
                "psr-4": {
                    "Limbonia\\": "lib/"
                }
            },
            "notification-url": "https://packagist.org/downloads/",
            "license": [
                "BSD-3-Clause"
            ],
            "authors": [
                {
                    "name": "Lonnie Blansett",
                    "email": "lonnie@limbonia.tech"
                }
            ],
            "description": "This is the Limbonia Result library",
            "time": "2019-10-25T20:56:16+00:00"
        },
        {
            "name": "limboniatech/limbonia-session-manager",
            "version": "1.0.0",
            "source": {
                "type": "git",
                "url": "https://github.com/limboniatech/limbonia-session-manager.git",
                "reference": "04e4440aeaada1fad5c57dcceb1914a996340e3c"
            },
            "dist": {
                "type": "zip",
                "url": "https://api.github.com/repos/limboniatech/limbonia-session-manager/zipball/04e4440aeaada1fad5c57dcceb1914a996340e3c",
                "reference": "04e4440aeaada1fad5c57dcceb1914a996340e3c",
                "shasum": ""
            },
            "require": {
                "php": "^7.1"
            },
            "type": "library",
            "autoload": {
                "psr-4": {
                    "Limbonia\\": "lib/"
                }
            },
            "notification-url": "https://packagist.org/downloads/",
            "license": [
                "BSD-3-Clause"
            ],
            "authors": [
                {
                    "name": "Lonnie Blansett",
                    "email": "lonnie@limbonia.tech"
                }
            ],
            "description": "This is the Limbonia session management library",
            "time": "2019-10-21T21:28:57+00:00"
        },
        {
            "name": "limboniatech/limbonia-tag",
            "version": "1.0.0",
            "source": {
                "type": "git",
                "url": "https://github.com/limboniatech/limbonia-tag.git",
                "reference": "5c25b2652ad3bd7895fcef9f7c516fe65a4a6c63"
            },
            "dist": {
                "type": "zip",
                "url": "https://api.github.com/repos/limboniatech/limbonia-tag/zipball/5c25b2652ad3bd7895fcef9f7c516fe65a4a6c63",
                "reference": "5c25b2652ad3bd7895fcef9f7c516fe65a4a6c63",
                "shasum": ""
            },
            "require": {
                "limboniatech/limbonia-base": "^1.0",
                "php": "^7.2"
            },
            "type": "library",
            "autoload": {
                "psr-4": {
                    "Limbonia\\": "lib/"
                }
            },
            "notification-url": "https://packagist.org/downloads/",
            "license": [
                "BSD-3-Clause"
            ],
            "authors": [
                {
                    "name": "Lonnie Blansett",
                    "email": "lonnie@limbonia.tech"
                }
            ],
            "description": "This is the Limbonia Code Library",
            "time": "2019-10-25T21:46:20+00:00"
        },
        {
            "name": "limboniatech/limbonia-zip",
            "version": "0.9.0",
            "source": {
                "type": "git",
                "url": "https://github.com/limboniatech/limbonia-zip.git",
                "reference": "7db3db980e6ed5bca5757f2a8295ccd2f86ecf90"
            },
            "dist": {
                "type": "zip",
                "url": "https://api.github.com/repos/limboniatech/limbonia-zip/zipball/7db3db980e6ed5bca5757f2a8295ccd2f86ecf90",
                "reference": "7db3db980e6ed5bca5757f2a8295ccd2f86ecf90",
                "shasum": ""
            },
            "require": {
                "php": "^7.1"
            },
            "type": "library",
            "autoload": {
                "psr-4": {
                    "Limbonia\\": "lib/"
                }
            },
            "notification-url": "https://packagist.org/downloads/",
            "license": [
                "BSD-3-Clause"
            ],
            "authors": [
                {
                    "name": "Lonnie Blansett",
                    "email": "lonnie@limbonia.tech"
                }
            ],
            "description": "This is the Limbonia Zip Library",
            "time": "2019-10-21T06:14:59+00:00"
        }
    ],
    "packages-dev": [],
    "aliases": [],
    "minimum-stability": "stable",
    "stability-flags": [],
    "prefer-stable": false,
    "prefer-lowest": false,
    "platform": {
        "php": "^7.2"
    },
    "platform-dev": []
}
