{
    "_readme": [
        "This file locks the dependencies of your project to a known state",
        "Read more about it at https://getcomposer.org/doc/01-basic-usage.md#composer-lock-the-lock-file",
        "This file is @generated automatically"
    ],
    "content-hash": "882055832266a4dee8a9f4e34ab0ae5d",
    "packages": [
        {
            "name": "limboniatech/limbonia-app-base",
            "version": "dev-dev",
            "source": {
                "type": "git",
                "url": "https://github.com/limboniatech/limbonia-app-base.git",
                "reference": "34f5dab2b854c0b05c07912bb11c34e570b70b82"
            },
            "dist": {
                "type": "zip",
                "url": "https://api.github.com/repos/limboniatech/limbonia-app-base/zipball/34f5dab2b854c0b05c07912bb11c34e570b70b82",
                "reference": "34f5dab2b854c0b05c07912bb11c34e570b70b82",
                "shasum": ""
            },
            "require": {
                "limboniatech/limbonia-base": "dev-dev",
                "limboniatech/limbonia-database": "dev-dev",
                "limboniatech/limbonia-email": "dev-dev",
                "limboniatech/limbonia-loader": "dev-dev",
                "limboniatech/limbonia-result": "dev-dev",
                "limboniatech/limbonia-session-manager": "dev-dev",
                "limboniatech/limbonia-tag": "dev-dev",
                "php": "^7.2"
            },
            "type": "library",
            "autoload": {
                "psr-4": {
                    "Limbonia\\": "lib/"
                },
                "files": [
                    "autoloader.php"
                ]
            },
            "notification-url": "https://packagist.org/downloads/",
            "license": [
                "BSD-3-Clause"
            ],
            "authors": [
                {
                    "name": "Lonnie Blansett",
                    "email": "lonnie@limbonia.tech"
                }
            ],
            "description": "This is the Limbonia App Base Library",
            "time": "2019-10-31 00:27:03"
        },
        {
            "name": "limboniatech/limbonia-base",
            "version": "dev-dev",
            "source": {
                "type": "git",
                "url": "https://github.com/limboniatech/limbonia-base.git",
                "reference": "e7645498a1577b225d632b5b766cbffe6af3a536"
            },
            "dist": {
                "type": "zip",
                "url": "https://api.github.com/repos/limboniatech/limbonia-base/zipball/e7645498a1577b225d632b5b766cbffe6af3a536",
                "reference": "e7645498a1577b225d632b5b766cbffe6af3a536",
                "shasum": ""
            },
            "require": {
                "limboniatech/limbonia-loader": "dev-dev",
                "php": "^7.2"
            },
            "type": "library",
            "autoload": {
                "psr-4": {
                    "Limbonia\\": "lib/"
                },
                "files": [
                    "autoloader.php"
                ]
            },
            "notification-url": "https://packagist.org/downloads/",
            "license": [
                "BSD-3-Clause"
            ],
            "authors": [
                {
                    "name": "Lonnie Blansett",
                    "email": "lonnie@limbonia.tech"
                }
            ],
            "description": "This is the Limbonia Base Library",
            "time": "2019-10-30 22:24:15"
        },
        {
            "name": "limboniatech/limbonia-database",
            "version": "dev-dev",
            "source": {
                "type": "git",
                "url": "https://github.com/limboniatech/limbonia-database.git",
                "reference": "302708a0963f4a36b0b26f8f3ce91b0600adae4a"
            },
            "dist": {
                "type": "zip",
                "url": "https://api.github.com/repos/limboniatech/limbonia-database/zipball/302708a0963f4a36b0b26f8f3ce91b0600adae4a",
                "reference": "302708a0963f4a36b0b26f8f3ce91b0600adae4a",
                "shasum": ""
            },
            "require": {
                "limboniatech/limbonia-loader": "dev-dev",
                "limboniatech/limbonia-result": "dev-dev",
                "php": "^7.2"
            },
            "type": "library",
            "autoload": {
                "psr-4": {
                    "Limbonia\\": "lib/"
                },
                "files": [
                    "autoloader.php"
                ]
            },
            "notification-url": "https://packagist.org/downloads/",
            "license": [
                "BSD-3-Clause"
            ],
            "authors": [
                {
                    "name": "Lonnie Blansett",
                    "email": "lonnie@limbonia.tech"
                }
            ],
            "description": "This is the Limbonia Database Library",
            "time": "2019-10-31 00:41:38"
        },
        {
            "name": "limboniatech/limbonia-email",
            "version": "dev-dev",
            "source": {
                "type": "git",
                "url": "https://github.com/limboniatech/limbonia-email.git",
                "reference": "a4526f6b4467fa88536f109070e4d4e43e290e53"
            },
            "dist": {
                "type": "zip",
                "url": "https://api.github.com/repos/limboniatech/limbonia-email/zipball/a4526f6b4467fa88536f109070e4d4e43e290e53",
                "reference": "a4526f6b4467fa88536f109070e4d4e43e290e53",
                "shasum": ""
            },
            "require": {
                "limboniatech/limbonia-loader": "dev-dev",
                "php": "^7.2"
            },
            "type": "library",
            "autoload": {
                "psr-4": {
                    "Limbonia\\Email\\": "lib/"
                },
                "files": [
                    "autoloader.php"
                ]
            },
            "notification-url": "https://packagist.org/downloads/",
            "license": [
                "BSD-3-Clause"
            ],
            "authors": [
                {
                    "name": "Lonnie Blansett",
                    "email": "lonnie@limbonia.tech"
                }
            ],
            "description": "This is the Limbonia email usage library",
            "time": "2019-10-31 00:20:33"
        },
        {
            "name": "limboniatech/limbonia-loader",
            "version": "dev-dev",
            "source": {
                "type": "git",
                "url": "https://github.com/limboniatech/limbonia-loader.git",
                "reference": "1927e2d89ce8b3bfa8ea573f7b88ed1502854843"
            },
            "dist": {
                "type": "zip",
                "url": "https://api.github.com/repos/limboniatech/limbonia-loader/zipball/1927e2d89ce8b3bfa8ea573f7b88ed1502854843",
                "reference": "1927e2d89ce8b3bfa8ea573f7b88ed1502854843",
                "shasum": ""
            },
            "require": {
                "php": "^7.2"
            },
            "type": "library",
            "autoload": {
                "psr-4": {
                    "Limbonia\\": "lib/"
                }
            },
            "notification-url": "https://packagist.org/downloads/",
            "license": [
                "BSD-3-Clause"
            ],
            "authors": [
                {
                    "name": "Lonnie Blansett",
                    "email": "lonnie@limbonia.tech"
                }
            ],
            "description": "This is the Limbonia Loader",
            "time": "2019-10-30 17:13:58"
        },
        {
            "name": "limboniatech/limbonia-result",
            "version": "dev-dev",
            "source": {
                "type": "git",
                "url": "https://github.com/limboniatech/limbonia-result.git",
                "reference": "6b175523e4fe6e316edd5cb476486a4beade841a"
            },
            "dist": {
                "type": "zip",
                "url": "https://api.github.com/repos/limboniatech/limbonia-result/zipball/6b175523e4fe6e316edd5cb476486a4beade841a",
                "reference": "6b175523e4fe6e316edd5cb476486a4beade841a",
                "shasum": ""
            },
            "require": {
                "limboniatech/limbonia-loader": "dev-dev",
                "php": "^7.2"
            },
            "type": "library",
            "autoload": {
                "psr-4": {
                    "Limbonia\\": "lib/"
                },
                "files": [
                    "autoloader.php"
                ]
            },
            "notification-url": "https://packagist.org/downloads/",
            "license": [
                "BSD-3-Clause"
            ],
            "authors": [
                {
                    "name": "Lonnie Blansett",
                    "email": "lonnie@limbonia.tech"
                }
            ],
            "description": "This is the Limbonia Result library",
            "time": "2019-10-31 00:21:53"
        },
        {
            "name": "limboniatech/limbonia-session-manager",
            "version": "dev-dev",
            "source": {
                "type": "git",
                "url": "https://github.com/limboniatech/limbonia-session-manager.git",
                "reference": "1672a3f3ed213d0bc1c1023cd0578db41a090796"
            },
            "dist": {
                "type": "zip",
                "url": "https://api.github.com/repos/limboniatech/limbonia-session-manager/zipball/1672a3f3ed213d0bc1c1023cd0578db41a090796",
                "reference": "1672a3f3ed213d0bc1c1023cd0578db41a090796",
                "shasum": ""
            },
            "require": {
                "limboniatech/limbonia-base": "dev-dev",
                "limboniatech/limbonia-loader": "dev-dev",
                "php": "^7.2"
            },
            "type": "library",
            "autoload": {
                "psr-4": {
                    "Limbonia\\": "lib/"
                },
                "files": [
                    "autoloader.php"
                ]
            },
            "notification-url": "https://packagist.org/downloads/",
            "license": [
                "BSD-3-Clause"
            ],
            "authors": [
                {
                    "name": "Lonnie Blansett",
                    "email": "lonnie@limbonia.tech"
                }
            ],
            "description": "This is the Limbonia session management library",
            "time": "2019-10-30 22:04:20"
        },
        {
            "name": "limboniatech/limbonia-tag",
            "version": "dev-dev",
            "source": {
                "type": "git",
                "url": "https://github.com/limboniatech/limbonia-tag.git",
                "reference": "fe7b315160e7e9656707d115f12c1a8dd15512e8"
            },
            "dist": {
                "type": "zip",
                "url": "https://api.github.com/repos/limboniatech/limbonia-tag/zipball/fe7b315160e7e9656707d115f12c1a8dd15512e8",
                "reference": "fe7b315160e7e9656707d115f12c1a8dd15512e8",
                "shasum": ""
            },
            "require": {
                "limboniatech/limbonia-loader": "dev-dev",
                "php": "^7.2"
            },
            "type": "library",
            "autoload": {
                "psr-4": {
                    "Limbonia\\": "lib/"
                },
                "files": [
                    "autoloader.php"
                ]
            },
            "notification-url": "https://packagist.org/downloads/",
            "license": [
                "BSD-3-Clause"
            ],
            "authors": [
                {
                    "name": "Lonnie Blansett",
                    "email": "lonnie@limbonia.tech"
                }
            ],
            "description": "This is the Limbonia Code Library",
            "time": "2019-10-30 22:44:09"
        },
        {
            "name": "limboniatech/limbonia-zip",
            "version": "dev-dev",
            "source": {
                "type": "git",
                "url": "https://github.com/limboniatech/limbonia-zip.git",
                "reference": "7909ed5d67a5507655ae72a9a789ed7b47553f2b"
            },
            "dist": {
                "type": "zip",
                "url": "https://api.github.com/repos/limboniatech/limbonia-zip/zipball/7909ed5d67a5507655ae72a9a789ed7b47553f2b",
                "reference": "7909ed5d67a5507655ae72a9a789ed7b47553f2b",
                "shasum": ""
            },
            "require": {
                "limboniatech/limbonia-loader": "dev-dev",
                "php": "^7.2"
            },
            "type": "library",
            "autoload": {
                "psr-4": {
                    "Limbonia\\": "lib/"
                },
                "files": [
                    "autoloader.php"
                ]
            },
            "notification-url": "https://packagist.org/downloads/",
            "license": [
                "BSD-3-Clause"
            ],
            "authors": [
                {
                    "name": "Lonnie Blansett",
                    "email": "lonnie@limbonia.tech"
                }
            ],
            "description": "This is the Limbonia Zip Library",
            "time": "2019-10-30 22:41:46"
        }
    ],
    "packages-dev": [],
    "aliases": [],
    "minimum-stability": "stable",
    "stability-flags": {
        "limboniatech/limbonia-loader": 20,
        "limboniatech/limbonia-email": 20,
        "limboniatech/limbonia-session-manager": 20,
        "limboniatech/limbonia-zip": 20,
        "limboniatech/limbonia-tag": 20,
        "limboniatech/limbonia-base": 20,
        "limboniatech/limbonia-result": 20,
        "limboniatech/limbonia-database": 20,
        "limboniatech/limbonia-app-base": 20
    },
    "prefer-stable": false,
    "prefer-lowest": false,
    "platform": {
        "php": "^7.2"
    },
    "platform-dev": []
}
